
Microsoft Visual Studio Solution File, Format Version 12.00
# Visual Studio 14
VisualStudioVersion = 14.0.24720.0
MinimumVisualStudioVersion = 10.0.40219.1
Project("{FAE04EC0-301F-11D3-BF4B-00C04F79EFBC}") = "BitwiseCalcSharp", "BitwiseCalcSharp\BitwiseCalcSharp.csproj", "{75A75CD1-90D7-48C9-BE92-7E9E3645F671}"
	ProjectSection(ProjectDependencies) = postProject
		{5D6389BA-A0DF-45DD-B53A-DA12D836A0FD} = {5D6389BA-A0DF-45DD-B53A-DA12D836A0FD}
	EndProjectSection
EndProject
Project("{8BC9CEB8-8B4A-11D0-8D11-00A0C91BC942}") = "CalculationDLL", "CalculationDLL\CalculationDLL.vcxproj", "{5D6389BA-A0DF-45DD-B53A-DA12D836A0FD}"
EndProject
Global
	GlobalSection(SolutionConfigurationPlatforms) = preSolution
		Debug|Any CPU = Debug|Any CPU
		Debug|x64 = Debug|x64
		Debug|x86 = Debug|x86
		Release|Any CPU = Release|Any CPU
		Release|x64 = Release|x64
		Release|x86 = Release|x86
	EndGlobalSection
	GlobalSection(ProjectConfigurationPlatforms) = postSolution
		{75A75CD1-90D7-48C9-BE92-7E9E3645F671}.Debug|Any CPU.ActiveCfg = Debug|Any CPU
		{75A75CD1-90D7-48C9-BE92-7E9E3645F671}.Debug|Any CPU.Build.0 = Debug|Any CPU
		{75A75CD1-90D7-48C9-BE92-7E9E3645F671}.Debug|x64.ActiveCfg = Debug|Any CPU
		{75A75CD1-90D7-48C9-BE92-7E9E3645F671}.Debug|x64.Build.0 = Debug|Any CPU
		{75A75CD1-90D7-48C9-BE92-7E9E3645F671}.Debug|x86.ActiveCfg = Debug|Any CPU
		{75A75CD1-90D7-48C9-BE92-7E9E3645F671}.Debug|x86.Build.0 = Debug|Any CPU
		{75A75CD1-90D7-48C9-BE92-7E9E3645F671}.Release|Any CPU.ActiveCfg = Release|Any CPU
		{75A75CD1-90D7-48C9-BE92-7E9E3645F671}.Release|Any CPU.Build.0 = Release|Any CPU
		{75A75CD1-90D7-48C9-BE92-7E9E3645F671}.Release|x64.ActiveCfg = Release|Any CPU
		{75A75CD1-90D7-48C9-BE92-7E9E3645F671}.Release|x64.Build.0 = Release|Any CPU
		{75A75CD1-90D7-48C9-BE92-7E9E3645F671}.Release|x86.ActiveCfg = Release|Any CPU
		{75A75CD1-90D7-48C9-BE92-7E9E3645F671}.Release|x86.Build.0 = Release|Any CPU
		{5D6389BA-A0DF-45DD-B53A-DA12D836A0FD}.Debug|Any CPU.ActiveCfg = Debug|Win32
		{5D6389BA-A0DF-45DD-B53A-DA12D836A0FD}.Debug|Any CPU.Build.0 = Debug|Win32
		{5D6389BA-A0DF-45DD-B53A-DA12D836A0FD}.Debug|x64.ActiveCfg = Debug|x64
		{5D6389BA-A0DF-45DD-B53A-DA12D836A0FD}.Debug|x64.Build.0 = Debug|x64
		{5D6389BA-A0DF-45DD-B53A-DA12D836A0FD}.Debug|x86.ActiveCfg = Debug|Win32
		{5D6389BA-A0DF-45DD-B53A-DA12D836A0FD}.Debug|x86.Build.0 = Debug|Win32
		{5D6389BA-A0DF-45DD-B53A-DA12D836A0FD}.Release|Any CPU.ActiveCfg = Release|Win32
		{5D6389BA-A0DF-45DD-B53A-DA12D836A0FD}.Release|x64.ActiveCfg = Release|x64
		{5D6389BA-A0DF-45DD-B53A-DA12D836A0FD}.Release|x64.Build.0 = Release|x64
		{5D6389BA-A0DF-45DD-B53A-DA12D836A0FD}.Release|x86.ActiveCfg = Release|Win32
		{5D6389BA-A0DF-45DD-B53A-DA12D836A0FD}.Release|x86.Build.0 = Release|Win32
	EndGlobalSection
	GlobalSection(SolutionProperties) = preSolution
		HideSolutionNode = FALSE
	EndGlobalSection
EndGlobal
